
Microsoft Visual Studio Solution File, Format Version 12.00
# Visual Studio 15
VisualStudioVersion = 15.0.28010.0
MinimumVisualStudioVersion = 10.0.40219.1
Project("{F184B08F-C81C-45F6-A57F-5ABD9991F28F}") = "prTimer", "prTimer\prTimer.vbproj", "{860AA2EA-51D3-41A1-BD3A-C1E51EF680C2}"
EndProject
Global
	GlobalSection(SolutionConfigurationPlatforms) = preSolution
		Debug|Any CPU = Debug|Any CPU
		Release|Any CPU = Release|Any CPU
	EndGlobalSection
	GlobalSection(ProjectConfigurationPlatforms) = postSolution
		{860AA2EA-51D3-41A1-BD3A-C1E51EF680C2}.Debug|Any CPU.ActiveCfg = Debug|Any CPU
		{860AA2EA-51D3-41A1-BD3A-C1E51EF680C2}.Debug|Any CPU.Build.0 = Debug|Any CPU
		{860AA2EA-51D3-41A1-BD3A-C1E51EF680C2}.Release|Any CPU.ActiveCfg = Release|Any CPU
		{860AA2EA-51D3-41A1-BD3A-C1E51EF680C2}.Release|Any CPU.Build.0 = Release|Any CPU
	EndGlobalSection
	GlobalSection(SolutionProperties) = preSolution
		HideSolutionNode = FALSE
	EndGlobalSection
	GlobalSection(ExtensibilityGlobals) = postSolution
		SolutionGuid = {D81332B9-9380-43BC-9EFE-ED1F68764830}
	EndGlobalSection
EndGlobal
