
Microsoft Visual Studio Solution File, Format Version 12.00
# Visual Studio 15
VisualStudioVersion = 15.0.28010.0
MinimumVisualStudioVersion = 10.0.40219.1
Project("{F184B08F-C81C-45F6-A57F-5ABD9991F28F}") = "prEstructuras Condicionales", "WindowsApp2\prEstructuras Condicionales.vbproj", "{2D0FD1B8-C9CE-454A-9D8C-184DDB2AE7F1}"
EndProject
Global
	GlobalSection(SolutionConfigurationPlatforms) = preSolution
		Debug|Any CPU = Debug|Any CPU
		Release|Any CPU = Release|Any CPU
	EndGlobalSection
	GlobalSection(ProjectConfigurationPlatforms) = postSolution
		{2D0FD1B8-C9CE-454A-9D8C-184DDB2AE7F1}.Debug|Any CPU.ActiveCfg = Debug|Any CPU
		{2D0FD1B8-C9CE-454A-9D8C-184DDB2AE7F1}.Debug|Any CPU.Build.0 = Debug|Any CPU
		{2D0FD1B8-C9CE-454A-9D8C-184DDB2AE7F1}.Release|Any CPU.ActiveCfg = Release|Any CPU
		{2D0FD1B8-C9CE-454A-9D8C-184DDB2AE7F1}.Release|Any CPU.Build.0 = Release|Any CPU
	EndGlobalSection
	GlobalSection(SolutionProperties) = preSolution
		HideSolutionNode = FALSE
	EndGlobalSection
	GlobalSection(ExtensibilityGlobals) = postSolution
		SolutionGuid = {DD5A7FBC-7451-4A2B-8AAD-52CEE4346479}
	EndGlobalSection
EndGlobal
